{
  "version": "4",
  "specifiers": {
    "jsr:@supabase/functions-js@^0.0.0-automated": "0.0.0-jsr-test.1",
    "jsr:@supabase/supabase-js@2": "2.86.0",
    "npm:@supabase/auth-js@2.86.0": "2.86.0",
    "npm:@supabase/postgrest-js@2.86.0": "2.86.0",
    "npm:@supabase/realtime-js@2.86.0": "2.86.0",
    "npm:@supabase/storage-js@2.86.0": "2.86.0",
    "npm:@supabase/supabase-js@2.45.2": "2.45.2"
  },
  "jsr": {
    "@supabase/functions-js@0.0.0-jsr-test.1": {
      "integrity": "b1b37924af1f0011b4753201e1585a37b030e996c6682492e02575eb27d902b2"
    },
    "@supabase/supabase-js@2.86.0": {
      "integrity": "eeb5ffacb8ac12adf43771e9ee9ed563fccd90621c85c38c3c396134fbc580cd",
      "dependencies": [
        "jsr:@supabase/functions-js",
        "npm:@supabase/auth-js",
        "npm:@supabase/postgrest-js",
        "npm:@supabase/realtime-js",
        "npm:@supabase/storage-js"
      ]
    }
  },
  "npm": {
    "@supabase/auth-js@2.64.4": {
      "integrity": "sha512-9ITagy4WP4FLl+mke1rchapOH0RQpf++DI+WSG2sO1OFOZ0rW3cwAM0nCrMOxu+Zw4vJ4zObc08uvQrXx590Tg==",
      "dependencies": [
        "@supabase/node-fetch"
      ]
    },
    "@supabase/auth-js@2.86.0": {
      "integrity": "sha512-3xPqMvBWC6Haqpr6hEWmSUqDq+6SA1BAEdbiaHdAZM9QjZ5uiQJ+6iD9pZOzOa6MVXZh4GmwjhC9ObIG0K1NcA==",
      "dependencies": [
        "tslib"
      ]
    },
    "@supabase/functions-js@2.4.1": {
      "integrity": "sha512-8sZ2ibwHlf+WkHDUZJUXqqmPvWQ3UHN0W30behOJngVh/qHHekhJLCFbh0AjkE9/FqqXtf9eoVvmYgfCLk5tNA==",
      "dependencies": [
        "@supabase/node-fetch"
      ]
    },
    "@supabase/node-fetch@2.6.15": {
      "integrity": "sha512-1ibVeYUacxWYi9i0cf5efil6adJ9WRyZBLivgjs+AUpewx1F3xPi7gLgaASI2SmIQxPoCEjAsLAzKPgMJVgOUQ==",
      "dependencies": [
        "whatwg-url"
      ]
    },
    "@supabase/postgrest-js@1.15.8": {
      "integrity": "sha512-YunjXpoQjQ0a0/7vGAvGZA2dlMABXFdVI/8TuVKtlePxyT71sl6ERl6ay1fmIeZcqxiuFQuZw/LXUuStUG9bbg==",
      "dependencies": [
        "@supabase/node-fetch"
      ]
    },
    "@supabase/postgrest-js@2.86.0": {
      "integrity": "sha512-QVf+wIXILcZJ7IhWhWn+ozdf8B+oO0Ulizh2AAPxD/6nQL+x3r9lJ47a+fpc/jvAOGXMbkeW534Kw6jz7e8iIA==",
      "dependencies": [
        "tslib"
      ]
    },
    "@supabase/realtime-js@2.10.2": {
      "integrity": "sha512-qyCQaNg90HmJstsvr2aJNxK2zgoKh9ZZA8oqb7UT2LCh3mj9zpa3Iwu167AuyNxsxrUE8eEJ2yH6wLCij4EApA==",
      "dependencies": [
        "@supabase/node-fetch",
        "@types/phoenix",
        "@types/ws",
        "ws"
      ]
    },
    "@supabase/realtime-js@2.86.0": {
      "integrity": "sha512-dyS8bFoP29R/sj5zLi0AP3JfgG8ar1nuImcz5jxSx7UIW7fbFsXhUCVrSY2Ofo0+Ev6wiATiSdBOzBfWaiFyPA==",
      "dependencies": [
        "@types/phoenix",
        "@types/ws",
        "tslib",
        "ws"
      ]
    },
    "@supabase/storage-js@2.7.0": {
      "integrity": "sha512-iZenEdO6Mx9iTR6T7wC7sk6KKsoDPLq8rdu5VRy7+JiT1i8fnqfcOr6mfF2Eaqky9VQzhP8zZKQYjzozB65Rig==",
      "dependencies": [
        "@supabase/node-fetch"
      ]
    },
    "@supabase/storage-js@2.86.0": {
      "integrity": "sha512-PM47jX/Mfobdtx7NNpoj9EvlrkapAVTQBZgGGslEXD6NS70EcGjhgRPBItwHdxZPM5GwqQ0cGMN06uhjeY2mHQ==",
      "dependencies": [
        "iceberg-js",
        "tslib"
      ]
    },
    "@supabase/supabase-js@2.45.2": {
      "integrity": "sha512-kJKY3ISFusVKQWCP8Kqo20Ebxy2WLp6Ry/Suco0aQsPXH7bvn7clswsdhcfcH/5Tr0MYz/jcCjF0n/27SetiCw==",
      "dependencies": [
        "@supabase/auth-js@2.64.4",
        "@supabase/functions-js",
        "@supabase/node-fetch",
        "@supabase/postgrest-js@1.15.8",
        "@supabase/realtime-js@2.10.2",
        "@supabase/storage-js@2.7.0"
      ]
    },
    "@types/node@24.2.0": {
      "integrity": "sha512-3xyG3pMCq3oYCNg7/ZP+E1ooTaGB4cG8JWRsqqOYQdbWNY4zbaV0Ennrd7stjiJEFZCaybcIgpTjJWHRfBSIDw==",
      "dependencies": [
        "undici-types"
      ]
    },
    "@types/phoenix@1.6.6": {
      "integrity": "sha512-PIzZZlEppgrpoT2QgbnDU+MMzuR6BbCjllj0bM70lWoejMeNJAxCchxnv7J3XFkI8MpygtRpzXrIlmWUBclP5A=="
    },
    "@types/ws@8.18.1": {
      "integrity": "sha512-ThVF6DCVhA8kUGy+aazFQ4kXQ7E1Ty7A3ypFOe0IcJV8O/M511G99AW24irKrW56Wt44yG9+ij8FaqoBGkuBXg==",
      "dependencies": [
        "@types/node"
      ]
    },
    "iceberg-js@0.8.0": {
      "integrity": "sha512-kmgmea2nguZEvRqW79gDqNXyxA3OS5WIgMVffrHpqXV4F/J4UmNIw2vstixioLTNSkd5rFB8G0s3Lwzogm6OFw=="
    },
    "tr46@0.0.3": {
      "integrity": "sha512-N3WMsuqV66lT30CrXNbEjx4GEwlow3v6rr4mCcv6prnfwhS01rkgyFdjPNBYd9br7LpXV1+Emh01fHnq2Gdgrw=="
    },
    "tslib@2.8.1": {
      "integrity": "sha512-oJFu94HQb+KVduSUQL7wnpmqnfmLsOA/nAh6b6EH0wCEoK0/mPeXU6c3wKDV83MkOuHPRHtSXKKU99IBazS/2w=="
    },
    "undici-types@7.10.0": {
      "integrity": "sha512-t5Fy/nfn+14LuOc2KNYg75vZqClpAiqscVvMygNnlsHBFpSXdJaYtXMcdNLpl/Qvc3P2cB3s6lOV51nqsFq4ag=="
    },
    "webidl-conversions@3.0.1": {
      "integrity": "sha512-2JAn3z8AR6rjK8Sm8orRC0h/bcl/DqL7tRPdGZ4I1CjdF+EaMLmYxBHyXuKL849eucPFhvBoxMsflfOb8kxaeQ=="
    },
    "whatwg-url@5.0.0": {
      "integrity": "sha512-saE57nupxk6v3HY35+jzBwYa0rKSy0XR8JSxZPwgLr7ys0IBzhGviA1/TUGJLmSVqs8pb9AnvICXEuOHLprYTw==",
      "dependencies": [
        "tr46",
        "webidl-conversions"
      ]
    },
    "ws@8.18.3": {
      "integrity": "sha512-PEIGCY5tSlUt50cqyMXfCzX+oOPqN0vuGqWzbcJ2xvnkzkq46oOpz7dQaTDBdfICb4N14+GARUDw2XV2N4tvzg=="
    }
  },
  "workspace": {
    "dependencies": [
      "npm:@supabase/supabase-js@2.45.2"
    ],
    "members": {
      "_shared": {
        "dependencies": [
          "jsr:@supabase/supabase-js@2"
        ]
      },
      "admin-docker-control-container-logs": {
        "dependencies": [
          "jsr:@supabase/supabase-js@2"
        ]
      },
      "admin-docker-control-container-restart": {
        "dependencies": [
          "jsr:@supabase/supabase-js@2"
        ]
      },
      "admin-docker-control-container-start": {
        "dependencies": [
          "jsr:@supabase/supabase-js@2"
        ]
      },
      "admin-docker-control-container-status": {
        "dependencies": [
          "jsr:@supabase/supabase-js@2"
        ]
      },
      "admin-docker-control-container-stop": {
        "dependencies": [
          "jsr:@supabase/supabase-js@2"
        ]
      },
      "admin-user-ban": {
        "dependencies": [
          "jsr:@supabase/supabase-js@2"
        ]
      },
      "admin-user-delete": {
        "dependencies": [
          "jsr:@supabase/supabase-js@2"
        ]
      },
      "cron-docker-control-container-fetch": {
        "dependencies": [
          "jsr:@supabase/supabase-js@2"
        ]
      },
      "cron-patreon-fetch": {
        "dependencies": [
          "jsr:@supabase/supabase-js@2"
        ]
      },
      "oauth-patreon": {
        "dependencies": [
          "jsr:@supabase/supabase-js@2"
        ]
      },
      "trigger-discord-event-sync": {
        "dependencies": [
          "jsr:@supabase/supabase-js@2"
        ]
      },
      "trigger-google-calendar-sync": {
        "dependencies": [
          "jsr:@supabase/supabase-js@2"
        ]
      },
      "user-change-email": {
        "dependencies": [
          "jsr:@supabase/supabase-js@2"
        ]
      },
      "user-delete-account": {
        "dependencies": [
          "jsr:@supabase/supabase-js@2"
        ]
      },
      "user-info": {
        "dependencies": [
          "jsr:@supabase/supabase-js@2"
        ]
      },
      "user-link-discord": {
        "dependencies": [
          "jsr:@supabase/supabase-js@2"
        ]
      }
    }
  }
}
