{
  "version": "4",
  "specifiers": {
    "jsr:@supabase/supabase-js@2": "2.49.4"
  },
  "jsr": {
    "@supabase/supabase-js@2.49.4": {
      "integrity": "4b785f9cd4a62feb7b3f84606bb923a4ea51e3e000eafff0972bc779240b7592"
    }
  },
  "workspace": {
    "packageJson": {
      "dependencies": [
        "npm:@antfu/eslint-config@^4.11.0",
        "npm:@dolanske/vui@^1.0.4",
        "npm:@nuxt/content@^3.4.0",
        "npm:@nuxt/icon@^1.11.0",
        "npm:@nuxt/image@^1.10.0",
        "npm:@nuxtjs/eslint-module@^4.1.0",
        "npm:@nuxtjs/robots@^5.2.8",
        "npm:@nuxtjs/seo@^3.0.2",
        "npm:@nuxtjs/sitemap@^7.2.9",
        "npm:@nuxtjs/supabase@^1.5.0",
        "npm:@pinia/nuxt@~0.10.1",
        "npm:@unhead/vue@^2.0.3",
        "npm:@vueuse/nuxt@13",
        "npm:dayjs@^1.11.13",
        "npm:eslint-plugin-format@^1.0.1",
        "npm:eslint-plugin-vue@10",
        "npm:eslint@^9.23.0",
        "npm:nuxt-icon@~0.6.10",
        "npm:nuxt-og-image@^5.1.1",
        "npm:nuxt-toc@^2.7.2",
        "npm:nuxt@^3.16.2",
        "npm:pinia@^3.0.1",
        "npm:sass@^1.86.2",
        "npm:supabase@^2.20.5",
        "npm:unstorage@^1.15.0",
        "npm:vue-router@^4.5.0",
        "npm:vue@^3.5.13"
      ]
    }
  }
}
